
Microsoft Visual Studio Solution File, Format Version 12.00
# Visual Studio Version 17
VisualStudioVersion = 17.0.32112.339
MinimumVisualStudioVersion = 10.0.40219.1
Project("{8BC9CEB8-8B4A-11D0-8D11-00A0C91BC942}") = "OpenGL", "OpenGL.vcxproj", "{ED25EAC6-7AEC-40E3-9D88-900FBEC9577E}"
EndProject
Global
	GlobalSection(SolutionConfigurationPlatforms) = preSolution
		Debug|x64 = Debug|x64
		Debug|x86 = Debug|x86
		Release|x64 = Release|x64
		Release|x86 = Release|x86
	EndGlobalSection
	GlobalSection(ProjectConfigurationPlatforms) = postSolution
		{ED25EAC6-7AEC-40E3-9D88-900FBEC9577E}.Debug|x64.ActiveCfg = Debug|x64
		{ED25EAC6-7AEC-40E3-9D88-900FBEC9577E}.Debug|x64.Build.0 = Debug|x64
		{ED25EAC6-7AEC-40E3-9D88-900FBEC9577E}.Debug|x86.ActiveCfg = Debug|Win32
		{ED25EAC6-7AEC-40E3-9D88-900FBEC9577E}.Debug|x86.Build.0 = Debug|Win32
		{ED25EAC6-7AEC-40E3-9D88-900FBEC9577E}.Release|x64.ActiveCfg = Release|x64
		{ED25EAC6-7AEC-40E3-9D88-900FBEC9577E}.Release|x64.Build.0 = Release|x64
		{ED25EAC6-7AEC-40E3-9D88-900FBEC9577E}.Release|x86.ActiveCfg = Release|Win32
		{ED25EAC6-7AEC-40E3-9D88-900FBEC9577E}.Release|x86.Build.0 = Release|Win32
	EndGlobalSection
	GlobalSection(SolutionProperties) = preSolution
		HideSolutionNode = FALSE
	EndGlobalSection
	GlobalSection(ExtensibilityGlobals) = postSolution
		SolutionGuid = {F68AF36A-8289-4400-9E68-00E53050CE4D}
	EndGlobalSection
EndGlobal
